# THIS IS AN AUTOGENERATED FILE. DO NOT EDIT THIS FILE DIRECTLY.
# yarn lockfile v1


brcast@^3.0.0:
  version "3.0.1"
  resolved "https://registry.yarnpkg.com/brcast/-/brcast-3.0.1.tgz#6256a8349b20de9eed44257a9b24d71493cd48dd"

csstype@^2.2.0:
  version "2.5.7"
  resolved "https://registry.yarnpkg.com/csstype/-/csstype-2.5.7.tgz#bf9235d5872141eccfb2d16d82993c6b149179ff"

fast-memoize@^2.2.7:
  version "2.5.1"
  resolved "https://registry.yarnpkg.com/fast-memoize/-/fast-memoize-2.5.1.tgz#c3519241e80552ce395e1a32dcdde8d1fd680f5d"

glamorous@^4.13.1:
  version "4.13.1"
  resolved "https://registry.yarnpkg.com/glamorous/-/glamorous-4.13.1.tgz#8909afcbc7f09133c6eb26bedcc1250c1f774312"
  dependencies:
    brcast "^3.0.0"
    csstype "^2.2.0"
    fast-memoize "^2.2.7"
    html-tag-names "^1.1.1"
    is-function "^1.0.1"
    is-plain-object "^2.0.4"
    react-html-attributes "^1.4.2"
    svg-tag-names "^1.1.0"

html-element-attributes@^1.0.0:
  version "1.3.1"
  resolved "https://registry.yarnpkg.com/html-element-attributes/-/html-element-attributes-1.3.1.tgz#9fa6a2e37e6b61790a303e87ddbbb9746e8c035f"

html-tag-names@^1.1.1:
  version "1.1.3"
  resolved "https://registry.yarnpkg.com/html-tag-names/-/html-tag-names-1.1.3.tgz#f81f75e59d626cb8a958a19e58f90c1d69707b82"

is-function@^1.0.1:
  version "1.0.1"
  resolved "https://registry.yarnpkg.com/is-function/-/is-function-1.0.1.tgz#12cfb98b65b57dd3d193a3121f5f6e2f437602b5"

is-plain-object@^2.0.4:
  version "2.0.4"
  resolved "https://registry.yarnpkg.com/is-plain-object/-/is-plain-object-2.0.4.tgz#2c163b3fafb1b606d9d17928f05c2a1c38e07677"
  dependencies:
    isobject "^3.0.1"

isobject@^3.0.1:
  version "3.0.1"
  resolved "https://registry.yarnpkg.com/isobject/-/isobject-3.0.1.tgz#4e431e92b11a9731636aa1f9c8d1ccbcfdab78df"

"js-tokens@^3.0.0 || ^4.0.0":
  version "4.0.0"
  resolved "https://registry.yarnpkg.com/js-tokens/-/js-tokens-4.0.0.tgz#19203fb59991df98e3a287050d4647cdeaf32499"

loose-envify@^1.1.0, loose-envify@^1.3.1:
  version "1.4.0"
  resolved "https://registry.yarnpkg.com/loose-envify/-/loose-envify-1.4.0.tgz#71ee51fa7be4caec1a63839f7e682d8132d30caf"
  dependencies:
    js-tokens "^3.0.0 || ^4.0.0"

object-assign@^4.1.1:
  version "4.1.1"
  resolved "https://registry.yarnpkg.com/object-assign/-/object-assign-4.1.1.tgz#2109adc7965887cfc05cbbd442cac8bfbb360863"

prop-types@^15.6.2:
  version "15.6.2"
  resolved "https://registry.yarnpkg.com/prop-types/-/prop-types-15.6.2.tgz#05d5ca77b4453e985d60fc7ff8c859094a497102"
  dependencies:
    loose-envify "^1.3.1"
    object-assign "^4.1.1"

react-html-attributes@^1.4.2:
  version "1.4.3"
  resolved "https://registry.yarnpkg.com/react-html-attributes/-/react-html-attributes-1.4.3.tgz#8c36c35fce6b750938d286af428ed1da7625186e"
  dependencies:
    html-element-attributes "^1.0.0"

react@^16.6.0:
  version "16.6.0"
  resolved "https://registry.yarnpkg.com/react/-/react-16.6.0.tgz#b34761cfaf3e30f5508bc732fb4736730b7da246"
  dependencies:
    loose-envify "^1.1.0"
    object-assign "^4.1.1"
    prop-types "^15.6.2"
    scheduler "^0.10.0"

scheduler@^0.10.0:
  version "0.10.0"
  resolved "https://registry.yarnpkg.com/scheduler/-/scheduler-0.10.0.tgz#7988de90fe7edccc774ea175a783e69c40c521e1"
  dependencies:
    loose-envify "^1.1.0"
    object-assign "^4.1.1"

svg-tag-names@^1.1.0:
  version "1.1.1"
  resolved "https://registry.yarnpkg.com/svg-tag-names/-/svg-tag-names-1.1.1.tgz#9641b29ef71025ee094c7043f7cdde7d99fbd50a"
